
Microsoft Visual Studio Solution File, Format Version 12.00
# Visual Studio 15
VisualStudioVersion = 15.0.28307.421
MinimumVisualStudioVersion = 10.0.40219.1
Project("{FAE04EC0-301F-11D3-BF4B-00C04F79EFBC}") = "TaskDay03", "TaskDay03\TaskDay03.csproj", "{8C90DB2E-9662-4FC8-8F54-BB8A1B806FAA}"
EndProject
Project("{FAE04EC0-301F-11D3-BF4B-00C04F79EFBC}") = "TaskDay03NuTest", "TaskDay03NuTest\TaskDay03NuTest.csproj", "{F41FFB7A-36A4-470F-9BA8-E9B700F982CF}"
EndProject
Global
	GlobalSection(SolutionConfigurationPlatforms) = preSolution
		Debug|Any CPU = Debug|Any CPU
		Release|Any CPU = Release|Any CPU
	EndGlobalSection
	GlobalSection(ProjectConfigurationPlatforms) = postSolution
		{8C90DB2E-9662-4FC8-8F54-BB8A1B806FAA}.Debug|Any CPU.ActiveCfg = Debug|Any CPU
		{8C90DB2E-9662-4FC8-8F54-BB8A1B806FAA}.Debug|Any CPU.Build.0 = Debug|Any CPU
		{8C90DB2E-9662-4FC8-8F54-BB8A1B806FAA}.Release|Any CPU.ActiveCfg = Release|Any CPU
		{8C90DB2E-9662-4FC8-8F54-BB8A1B806FAA}.Release|Any CPU.Build.0 = Release|Any CPU
		{F41FFB7A-36A4-470F-9BA8-E9B700F982CF}.Debug|Any CPU.ActiveCfg = Debug|Any CPU
		{F41FFB7A-36A4-470F-9BA8-E9B700F982CF}.Debug|Any CPU.Build.0 = Debug|Any CPU
		{F41FFB7A-36A4-470F-9BA8-E9B700F982CF}.Release|Any CPU.ActiveCfg = Release|Any CPU
		{F41FFB7A-36A4-470F-9BA8-E9B700F982CF}.Release|Any CPU.Build.0 = Release|Any CPU
	EndGlobalSection
	GlobalSection(SolutionProperties) = preSolution
		HideSolutionNode = FALSE
	EndGlobalSection
	GlobalSection(ExtensibilityGlobals) = postSolution
		SolutionGuid = {C7EB71F4-94F6-4C5A-8BB4-E1C9A7969794}
	EndGlobalSection
EndGlobal
