
Microsoft Visual Studio Solution File, Format Version 12.00
# Visual Studio 15
VisualStudioVersion = 15.0.28307.572
MinimumVisualStudioVersion = 10.0.40219.1
Project("{FAE04EC0-301F-11D3-BF4B-00C04F79EFBC}") = "Task_17.1", "Weather\Task_17.1.csproj", "{17CA15BA-41B9-4827-921A-67C68D80C1FC}"
EndProject
Project("{FAE04EC0-301F-11D3-BF4B-00C04F79EFBC}") = "Task_17.2", "TimerClock\Task_17.2.csproj", "{DF905B68-676B-4EEE-9D04-B2DD6CD8D953}"
EndProject
Project("{FAE04EC0-301F-11D3-BF4B-00C04F79EFBC}") = "ExampleTimer", "Example\ExampleTimer.csproj", "{D0383400-8AB4-44BC-8B72-43EAAF9EFCC4}"
EndProject
Project("{FAE04EC0-301F-11D3-BF4B-00C04F79EFBC}") = "WeatherUI", "WeatherUI\WeatherUI.csproj", "{CAFAB967-8F95-427A-A72C-430BFA371B66}"
EndProject
Project("{FAE04EC0-301F-11D3-BF4B-00C04F79EFBC}") = "WeatherUIEvent", "WeatherUIEvent\WeatherUIEvent.csproj", "{031C662F-C285-47A6-8398-5121AE4E9A52}"
EndProject
Global
	GlobalSection(SolutionConfigurationPlatforms) = preSolution
		Debug|Any CPU = Debug|Any CPU
		Release|Any CPU = Release|Any CPU
	EndGlobalSection
	GlobalSection(ProjectConfigurationPlatforms) = postSolution
		{17CA15BA-41B9-4827-921A-67C68D80C1FC}.Debug|Any CPU.ActiveCfg = Debug|Any CPU
		{17CA15BA-41B9-4827-921A-67C68D80C1FC}.Debug|Any CPU.Build.0 = Debug|Any CPU
		{17CA15BA-41B9-4827-921A-67C68D80C1FC}.Release|Any CPU.ActiveCfg = Release|Any CPU
		{17CA15BA-41B9-4827-921A-67C68D80C1FC}.Release|Any CPU.Build.0 = Release|Any CPU
		{DF905B68-676B-4EEE-9D04-B2DD6CD8D953}.Debug|Any CPU.ActiveCfg = Debug|Any CPU
		{DF905B68-676B-4EEE-9D04-B2DD6CD8D953}.Debug|Any CPU.Build.0 = Debug|Any CPU
		{DF905B68-676B-4EEE-9D04-B2DD6CD8D953}.Release|Any CPU.ActiveCfg = Release|Any CPU
		{DF905B68-676B-4EEE-9D04-B2DD6CD8D953}.Release|Any CPU.Build.0 = Release|Any CPU
		{D0383400-8AB4-44BC-8B72-43EAAF9EFCC4}.Debug|Any CPU.ActiveCfg = Debug|Any CPU
		{D0383400-8AB4-44BC-8B72-43EAAF9EFCC4}.Debug|Any CPU.Build.0 = Debug|Any CPU
		{D0383400-8AB4-44BC-8B72-43EAAF9EFCC4}.Release|Any CPU.ActiveCfg = Release|Any CPU
		{D0383400-8AB4-44BC-8B72-43EAAF9EFCC4}.Release|Any CPU.Build.0 = Release|Any CPU
		{CAFAB967-8F95-427A-A72C-430BFA371B66}.Debug|Any CPU.ActiveCfg = Debug|Any CPU
		{CAFAB967-8F95-427A-A72C-430BFA371B66}.Debug|Any CPU.Build.0 = Debug|Any CPU
		{CAFAB967-8F95-427A-A72C-430BFA371B66}.Release|Any CPU.ActiveCfg = Release|Any CPU
		{CAFAB967-8F95-427A-A72C-430BFA371B66}.Release|Any CPU.Build.0 = Release|Any CPU
		{031C662F-C285-47A6-8398-5121AE4E9A52}.Debug|Any CPU.ActiveCfg = Debug|Any CPU
		{031C662F-C285-47A6-8398-5121AE4E9A52}.Debug|Any CPU.Build.0 = Debug|Any CPU
		{031C662F-C285-47A6-8398-5121AE4E9A52}.Release|Any CPU.ActiveCfg = Release|Any CPU
		{031C662F-C285-47A6-8398-5121AE4E9A52}.Release|Any CPU.Build.0 = Release|Any CPU
	EndGlobalSection
	GlobalSection(SolutionProperties) = preSolution
		HideSolutionNode = FALSE
	EndGlobalSection
	GlobalSection(ExtensibilityGlobals) = postSolution
		SolutionGuid = {0E55F8BA-3BB6-4AF0-8892-D042AC5D8E4B}
	EndGlobalSection
EndGlobal
